
Microsoft Visual Studio Solution File, Format Version 12.00
# Visual Studio Version 16
VisualStudioVersion = 16.0.31005.135
MinimumVisualStudioVersion = 10.0.40219.1
Project("{FAE04EC0-301F-11D3-BF4B-00C04F79EFBC}") = "UserMaintenance", "UserMaintenance\UserMaintenance.csproj", "{7B599C41-96D2-487C-B291-D2821C4CFA4F}"
EndProject
Global
	GlobalSection(SolutionConfigurationPlatforms) = preSolution
		Debug|Any CPU = Debug|Any CPU
		Release|Any CPU = Release|Any CPU
	EndGlobalSection
	GlobalSection(ProjectConfigurationPlatforms) = postSolution
		{7B599C41-96D2-487C-B291-D2821C4CFA4F}.Debug|Any CPU.ActiveCfg = Debug|Any CPU
		{7B599C41-96D2-487C-B291-D2821C4CFA4F}.Debug|Any CPU.Build.0 = Debug|Any CPU
		{7B599C41-96D2-487C-B291-D2821C4CFA4F}.Release|Any CPU.ActiveCfg = Release|Any CPU
		{7B599C41-96D2-487C-B291-D2821C4CFA4F}.Release|Any CPU.Build.0 = Release|Any CPU
	EndGlobalSection
	GlobalSection(SolutionProperties) = preSolution
		HideSolutionNode = FALSE
	EndGlobalSection
	GlobalSection(ExtensibilityGlobals) = postSolution
		SolutionGuid = {161C4824-0EC5-4475-BA75-3D7B8A4FDB4C}
	EndGlobalSection
EndGlobal
